{
  "version": 4,
  "terraform_version": "1.5.7",
  "serial": 64,
  "lineage": "6fe62e78-8f53-42a3-824d-7172ebf1962b",
  "outputs": {
    "frog-elb": {
      "value": "frog-elb-713320854.us-east-1.elb.amazonaws.com",
      "type": "string"
    }
  },
  "resources": [
    {
      "mode": "managed",
      "type": "aws_autoscaling_group",
      "name": "frog-ecs-autoscaling",
      "provider": "provider[\"registry.terraform.io/hashicorp/aws\"]",
      "instances": [
        {
          "schema_version": 1,
          "attributes": {
            "arn": "arn:aws:autoscaling:us-east-1:190009833917:autoScalingGroup:9baa8eae-6255-4645-a9fb-36468c351911:autoScalingGroupName/frog-ecs-autoscaling",
            "availability_zones": [
              "us-east-1a",
              "us-east-1b"
            ],
            "capacity_rebalance": false,
            "context": "",
            "default_cooldown": 300,
            "default_instance_warmup": 0,
            "desired_capacity": 1,
            "desired_capacity_type": "",
            "enabled_metrics": [],
            "force_delete": false,
            "force_delete_warm_pool": false,
            "health_check_grace_period": 300,
            "health_check_type": "EC2",
            "id": "frog-ecs-autoscaling",
            "ignore_failed_scaling_activities": false,
            "initial_lifecycle_hook": [],
            "instance_maintenance_policy": [],
            "instance_refresh": [],
            "launch_configuration": "frog-ecs-launchconfig20231201122131454600000001",
            "launch_template": [],
            "load_balancers": [],
            "max_instance_lifetime": 0,
            "max_size": 1,
            "metrics_granularity": "1Minute",
            "min_elb_capacity": null,
            "min_size": 1,
            "mixed_instances_policy": [],
            "name": "frog-ecs-autoscaling",
            "name_prefix": "",
            "placement_group": "",
            "predicted_capacity": 0,
            "protect_from_scale_in": false,
            "service_linked_role_arn": "arn:aws:iam::190009833917:role/aws-service-role/autoscaling.amazonaws.com/AWSServiceRoleForAutoScaling",
            "suspended_processes": [],
            "tag": [
              {
                "key": "Name",
                "propagate_at_launch": true,
                "value": "frog-ecs-ec2-container"
              }
            ],
            "target_group_arns": [],
            "termination_policies": [],
            "timeouts": null,
            "traffic_source": [],
            "vpc_zone_identifier": [
              "subnet-0f059e168b0442e2c",
              "subnet-0fa7a7ad31c2c0ed6"
            ],
            "wait_for_capacity_timeout": "10m",
            "wait_for_elb_capacity": null,
            "warm_pool": [],
            "warm_pool_size": 0
          },
          "sensitive_attributes": [],
          "private": "eyJlMmJmYjczMC1lY2FhLTExZTYtOGY4OC0zNDM2M2JjN2M0YzAiOnsiZGVsZXRlIjo2MDAwMDAwMDAwMDAsInVwZGF0ZSI6NjAwMDAwMDAwMDAwfSwic2NoZW1hX3ZlcnNpb24iOiIxIn0=",
          "dependencies": [
            "aws_iam_instance_profile.frog-ecs-ec2-role",
            "aws_iam_role.frog-ecs-ec2-role",
            "aws_key_pair.mykeypair",
            "aws_launch_configuration.frog-ecs-launchconfig",
            "aws_security_group.frog-ecs-securitygroup",
            "aws_security_group.frog-elb-securitygroup",
            "aws_subnet.frog-public-1",
            "aws_subnet.frog-public-2",
            "aws_vpc.frog"
          ]
        }
      ]
    },
    {
      "mode": "managed",
      "type": "aws_ecr_repository",
      "name": "frog",
      "provider": "provider[\"registry.terraform.io/hashicorp/aws\"]",
      "instances": [
        {
          "schema_version": 0,
          "attributes": {
            "arn": "arn:aws:ecr:us-east-1:190009833917:repository/frog",
            "encryption_configuration": [
              {
                "encryption_type": "AES256",
                "kms_key": ""
              }
            ],
            "force_delete": null,
            "id": "frog",
            "image_scanning_configuration": [
              {
                "scan_on_push": false
              }
            ],
            "image_tag_mutability": "MUTABLE",
            "name": "frog",
            "registry_id": "190009833917",
            "repository_url": "190009833917.dkr.ecr.us-east-1.amazonaws.com/frog",
            "tags": {},
            "tags_all": {},
            "timeouts": null
          },
          "sensitive_attributes": [],
          "private": "eyJlMmJmYjczMC1lY2FhLTExZTYtOGY4OC0zNDM2M2JjN2M0YzAiOnsiZGVsZXRlIjoxMjAwMDAwMDAwMDAwfX0="
        }
      ]
    },
    {
      "mode": "managed",
      "type": "aws_ecs_cluster",
      "name": "frog-cluster",
      "provider": "provider[\"registry.terraform.io/hashicorp/aws\"]",
      "instances": [
        {
          "schema_version": 0,
          "attributes": {
            "arn": "arn:aws:ecs:us-east-1:190009833917:cluster/frog-cluster",
            "configuration": [],
            "id": "arn:aws:ecs:us-east-1:190009833917:cluster/frog-cluster",
            "name": "frog-cluster",
            "service_connect_defaults": [],
            "setting": [
              {
                "name": "containerInsights",
                "value": "disabled"
              }
            ],
            "tags": {},
            "tags_all": {}
          },
          "sensitive_attributes": [],
          "private": "bnVsbA=="
        }
      ]
    },
    {
      "mode": "managed",
      "type": "aws_ecs_task_definition",
      "name": "frog-task-definition",
      "provider": "provider[\"registry.terraform.io/hashicorp/aws\"]",
      "instances": [
        {
          "schema_version": 1,
          "attributes": {
            "arn": "arn:aws:ecs:us-east-1:190009833917:task-definition/frog:2",
            "arn_without_revision": "arn:aws:ecs:us-east-1:190009833917:task-definition/frog",
            "container_definitions": "[{\"command\":[\"npm\",\"start\"],\"cpu\":256,\"environment\":[],\"essential\":true,\"image\":\"190009833917.dkr.ecr.us-east-1.amazonaws.com/frog:0\",\"memory\":256,\"mountPoints\":[],\"name\":\"frog\",\"portMappings\":[{\"containerPort\":3000,\"hostPort\":3000,\"protocol\":\"tcp\"}],\"volumesFrom\":[],\"workingDirectory\":\"/app\"}]",
            "cpu": "",
            "ephemeral_storage": [],
            "execution_role_arn": "",
            "family": "frog",
            "id": "frog",
            "inference_accelerator": [],
            "ipc_mode": "",
            "memory": "",
            "network_mode": "",
            "pid_mode": "",
            "placement_constraints": [],
            "proxy_configuration": [],
            "requires_compatibilities": [],
            "revision": 2,
            "runtime_platform": [],
            "skip_destroy": false,
            "tags": {},
            "tags_all": {},
            "task_role_arn": "",
            "volume": []
          },
          "sensitive_attributes": [],
          "private": "eyJzY2hlbWFfdmVyc2lvbiI6IjEifQ==",
          "dependencies": [
            "aws_ecr_repository.frog"
          ]
        }
      ]
    },
    {
      "mode": "managed",
      "type": "aws_elb",
      "name": "frog-elb",
      "provider": "provider[\"registry.terraform.io/hashicorp/aws\"]",
      "instances": [
        {
          "schema_version": 0,
          "attributes": {
            "access_logs": [],
            "arn": "arn:aws:elasticloadbalancing:us-east-1:190009833917:loadbalancer/frog-elb",
            "availability_zones": [
              "us-east-1a",
              "us-east-1b"
            ],
            "connection_draining": true,
            "connection_draining_timeout": 400,
            "cross_zone_load_balancing": true,
            "desync_mitigation_mode": "defensive",
            "dns_name": "frog-elb-713320854.us-east-1.elb.amazonaws.com",
            "health_check": [
              {
                "healthy_threshold": 3,
                "interval": 60,
                "target": "HTTP:3000/",
                "timeout": 30,
                "unhealthy_threshold": 3
              }
            ],
            "id": "frog-elb",
            "idle_timeout": 400,
            "instances": [],
            "internal": false,
            "listener": [
              {
                "instance_port": 3000,
                "instance_protocol": "http",
                "lb_port": 80,
                "lb_protocol": "http",
                "ssl_certificate_id": ""
              }
            ],
            "name": "frog-elb",
            "name_prefix": "",
            "security_groups": [
              "sg-03b54df7a6e8b48b4"
            ],
            "source_security_group": "190009833917/frog-elb",
            "source_security_group_id": "sg-03b54df7a6e8b48b4",
            "subnets": [
              "subnet-0f059e168b0442e2c",
              "subnet-0fa7a7ad31c2c0ed6"
            ],
            "tags": {
              "Name": "frog-elb"
            },
            "tags_all": {
              "Name": "frog-elb"
            },
            "timeouts": null,
            "zone_id": "Z35SXDOTRQ7X7K"
          },
          "sensitive_attributes": [],
          "private": "eyJlMmJmYjczMC1lY2FhLTExZTYtOGY4OC0zNDM2M2JjN2M0YzAiOnsiY3JlYXRlIjozMDAwMDAwMDAwMDAsInVwZGF0ZSI6MzAwMDAwMDAwMDAwfX0=",
          "dependencies": [
            "aws_security_group.frog-elb-securitygroup",
            "aws_subnet.frog-public-1",
            "aws_subnet.frog-public-2",
            "aws_vpc.frog"
          ]
        }
      ]
    },
    {
      "mode": "managed",
      "type": "aws_iam_instance_profile",
      "name": "frog-ecs-ec2-role",
      "provider": "provider[\"registry.terraform.io/hashicorp/aws\"]",
      "instances": [
        {
          "schema_version": 0,
          "attributes": {
            "arn": "arn:aws:iam::190009833917:instance-profile/frog-ecs-ec2-role",
            "create_date": "2023-11-27T16:08:40Z",
            "id": "frog-ecs-ec2-role",
            "name": "frog-ecs-ec2-role",
            "name_prefix": "",
            "path": "/",
            "role": "frog-ecs-ec2-role",
            "tags": {},
            "tags_all": {},
            "unique_id": "AIPASYPLX7G6TF2Y7SG4T"
          },
          "sensitive_attributes": [],
          "private": "bnVsbA==",
          "dependencies": [
            "aws_iam_role.frog-ecs-ec2-role"
          ],
          "create_before_destroy": true
        }
      ]
    },
    {
      "mode": "managed",
      "type": "aws_iam_policy_attachment",
      "name": "frog-ecs-service-attach1",
      "provider": "provider[\"registry.terraform.io/hashicorp/aws\"]",
      "instances": [
        {
          "schema_version": 0,
          "attributes": {
            "groups": [],
            "id": "frog-ecs-service-attach1",
            "name": "frog-ecs-service-attach1",
            "policy_arn": "arn:aws:iam::aws:policy/service-role/AmazonEC2ContainerServiceRole",
            "roles": [
              "frog-ecs-service-role"
            ],
            "users": []
          },
          "sensitive_attributes": [],
          "private": "bnVsbA==",
          "dependencies": [
            "aws_iam_role.frog-ecs-service-role"
          ]
        }
      ]
    },
    {
      "mode": "managed",
      "type": "aws_iam_role",
      "name": "frog-ecs-consul-server-role",
      "provider": "provider[\"registry.terraform.io/hashicorp/aws\"]",
      "instances": [
        {
          "schema_version": 0,
          "attributes": {
            "arn": "arn:aws:iam::190009833917:role/frog-ecs-consul-server-role",
            "assume_role_policy": "{\"Statement\":[{\"Action\":\"sts:AssumeRole\",\"Effect\":\"Allow\",\"Principal\":{\"Service\":\"ec2.amazonaws.com\"},\"Sid\":\"\"}],\"Version\":\"2012-10-17\"}",
            "create_date": "2023-11-27T16:08:39Z",
            "description": "",
            "force_detach_policies": false,
            "id": "frog-ecs-consul-server-role",
            "inline_policy": [],
            "managed_policy_arns": [],
            "max_session_duration": 3600,
            "name": "frog-ecs-consul-server-role",
            "name_prefix": "",
            "path": "/",
            "permissions_boundary": "",
            "tags": {},
            "tags_all": {},
            "unique_id": "AROASYPLX7G6YR2ZAQECX"
          },
          "sensitive_attributes": [],
          "private": "bnVsbA=="
        }
      ]
    },
    {
      "mode": "managed",
      "type": "aws_iam_role",
      "name": "frog-ecs-ec2-role",
      "provider": "provider[\"registry.terraform.io/hashicorp/aws\"]",
      "instances": [
        {
          "schema_version": 0,
          "attributes": {
            "arn": "arn:aws:iam::190009833917:role/frog-ecs-ec2-role",
            "assume_role_policy": "{\"Statement\":[{\"Action\":\"sts:AssumeRole\",\"Effect\":\"Allow\",\"Principal\":{\"Service\":\"ec2.amazonaws.com\"},\"Sid\":\"\"}],\"Version\":\"2012-10-17\"}",
            "create_date": "2023-11-27T16:08:39Z",
            "description": "",
            "force_detach_policies": false,
            "id": "frog-ecs-ec2-role",
            "inline_policy": [
              {
                "name": "frog-ecs-ec2-role-policy",
                "policy": "{\"Version\":\"2012-10-17\",\"Statement\":[{\"Action\":[\"ecs:CreateCluster\",\"ecs:DeregisterContainerInstance\",\"ecs:DiscoverPollEndpoint\",\"ecs:Poll\",\"ecs:RegisterContainerInstance\",\"ecs:StartTelemetrySession\",\"ecs:Submit*\",\"ecs:StartTask\",\"ecr:GetAuthorizationToken\",\"ecr:BatchCheckLayerAvailability\",\"ecr:GetDownloadUrlForLayer\",\"ecr:BatchGetImage\",\"logs:CreateLogStream\",\"logs:PutLogEvents\"],\"Effect\":\"Allow\",\"Resource\":\"*\"},{\"Action\":[\"logs:CreateLogGroup\",\"logs:CreateLogStream\",\"logs:PutLogEvents\",\"logs:DescribeLogStreams\"],\"Effect\":\"Allow\",\"Resource\":[\"arn:aws:logs:*:*:*\"]}]}"
              }
            ],
            "managed_policy_arns": [],
            "max_session_duration": 3600,
            "name": "frog-ecs-ec2-role",
            "name_prefix": "",
            "path": "/",
            "permissions_boundary": "",
            "tags": {},
            "tags_all": {},
            "unique_id": "AROASYPLX7G642CE7ZCT7"
          },
          "sensitive_attributes": [],
          "private": "bnVsbA==",
          "create_before_destroy": true
        }
      ]
    },
    {
      "mode": "managed",
      "type": "aws_iam_role",
      "name": "frog-ecs-service-role",
      "provider": "provider[\"registry.terraform.io/hashicorp/aws\"]",
      "instances": [
        {
          "schema_version": 0,
          "attributes": {
            "arn": "arn:aws:iam::190009833917:role/frog-ecs-service-role",
            "assume_role_policy": "{\"Statement\":[{\"Action\":\"sts:AssumeRole\",\"Effect\":\"Allow\",\"Principal\":{\"Service\":\"ecs.amazonaws.com\"},\"Sid\":\"\"}],\"Version\":\"2012-10-17\"}",
            "create_date": "2023-11-27T16:08:39Z",
            "description": "",
            "force_detach_policies": false,
            "id": "frog-ecs-service-role",
            "inline_policy": [],
            "managed_policy_arns": [
              "arn:aws:iam::aws:policy/service-role/AmazonEC2ContainerServiceRole"
            ],
            "max_session_duration": 3600,
            "name": "frog-ecs-service-role",
            "name_prefix": "",
            "path": "/",
            "permissions_boundary": "",
            "tags": {},
            "tags_all": {},
            "unique_id": "AROASYPLX7G6RY42N6N5F"
          },
          "sensitive_attributes": [],
          "private": "bnVsbA=="
        }
      ]
    },
    {
      "mode": "managed",
      "type": "aws_iam_role_policy",
      "name": "frog-ecs-ec2-role-policy",
      "provider": "provider[\"registry.terraform.io/hashicorp/aws\"]",
      "instances": [
        {
          "schema_version": 0,
          "attributes": {
            "id": "frog-ecs-ec2-role:frog-ecs-ec2-role-policy",
            "name": "frog-ecs-ec2-role-policy",
            "name_prefix": "",
            "policy": "{\"Version\":\"2012-10-17\",\"Statement\":[{\"Action\":[\"ecs:CreateCluster\",\"ecs:DeregisterContainerInstance\",\"ecs:DiscoverPollEndpoint\",\"ecs:Poll\",\"ecs:RegisterContainerInstance\",\"ecs:StartTelemetrySession\",\"ecs:Submit*\",\"ecs:StartTask\",\"ecr:GetAuthorizationToken\",\"ecr:BatchCheckLayerAvailability\",\"ecr:GetDownloadUrlForLayer\",\"ecr:BatchGetImage\",\"logs:CreateLogStream\",\"logs:PutLogEvents\"],\"Effect\":\"Allow\",\"Resource\":\"*\"},{\"Action\":[\"logs:CreateLogGroup\",\"logs:CreateLogStream\",\"logs:PutLogEvents\",\"logs:DescribeLogStreams\"],\"Effect\":\"Allow\",\"Resource\":[\"arn:aws:logs:*:*:*\"]}]}",
            "role": "frog-ecs-ec2-role"
          },
          "sensitive_attributes": [],
          "private": "bnVsbA==",
          "dependencies": [
            "aws_iam_role.frog-ecs-ec2-role"
          ]
        }
      ]
    },
    {
      "mode": "managed",
      "type": "aws_internet_gateway",
      "name": "frog-gw",
      "provider": "provider[\"registry.terraform.io/hashicorp/aws\"]",
      "instances": [
        {
          "schema_version": 0,
          "attributes": {
            "arn": "arn:aws:ec2:us-east-1:190009833917:internet-gateway/igw-074a82fb9dcfcc7eb",
            "id": "igw-074a82fb9dcfcc7eb",
            "owner_id": "190009833917",
            "tags": {
              "Name": "frog"
            },
            "tags_all": {
              "Name": "frog"
            },
            "timeouts": null,
            "vpc_id": "vpc-0db099d2db834c70d"
          },
          "sensitive_attributes": [],
          "private": "eyJlMmJmYjczMC1lY2FhLTExZTYtOGY4OC0zNDM2M2JjN2M0YzAiOnsiY3JlYXRlIjoxMjAwMDAwMDAwMDAwLCJkZWxldGUiOjEyMDAwMDAwMDAwMDAsInVwZGF0ZSI6MTIwMDAwMDAwMDAwMH19",
          "dependencies": [
            "aws_vpc.frog"
          ]
        }
      ]
    },
    {
      "mode": "managed",
      "type": "aws_key_pair",
      "name": "mykeypair",
      "provider": "provider[\"registry.terraform.io/hashicorp/aws\"]",
      "instances": [
        {
          "schema_version": 1,
          "attributes": {
            "arn": "arn:aws:ec2:us-east-1:190009833917:key-pair/mykeypair",
            "fingerprint": "b1:b7:46:06:c0:75:d4:95:52:c8:06:83:b2:ac:ef:8f",
            "id": "mykeypair",
            "key_name": "mykeypair",
            "key_name_prefix": "",
            "key_pair_id": "key-05529e3efe7417161",
            "key_type": "rsa",
            "public_key": "ssh-rsa AAAAB3NzaC1yc2EAAAADAQABAAABgQDGDBwj26yXZ+f8iB/xLLP9WFjq7XBx3Av1QLxdlZV+ZtcXzHbgNMm7JfjChbtv1/xfF2SsPcXCu1huTI+IfqPOon9gr3H0m4L5SLkfe0sNDPg1NEyTEtYjtk8iThiHSO9VO8hlY9j3CieUVNplBp56r8DwMpjXbrFb1O9Bxc1+MS5BGsCD8pVdYhAR3Biba/OJzkZQDLn2x//gsVbe6QKaQ9l8qb8XUzDVB2StK6jYBcV0jYllqPiT4jZJp66+pSfAa6WOJYPbHtjx+d2gvRlpYDF4hfw4XsIn6XOvkJYe9/cBq/eY1l4UB7tzbHZXEn5f6BqgzPtj3VDlCLSAyXA+YLsjFRZ+NREdRCqmK4EOQQZGFhr/6mVzgxPAzc5iPjwmdHWhdiyGhwk0dbfrxWplI5Pg0jO3r1x03UhfrYnuYIghi1UyQj9XwKEsdAqiYHH4up7Xi5aSMZbQzLcYzj9XDZTf+eVZUUCcQ/pxqGlo5oxupjm8+s4oFi8jl3DEwXU= ryan@HYUNJOONui-MacBookPro.local",
            "tags": {},
            "tags_all": {}
          },
          "sensitive_attributes": [],
          "private": "eyJzY2hlbWFfdmVyc2lvbiI6IjEifQ==",
          "create_before_destroy": true
        }
      ]
    },
    {
      "mode": "managed",
      "type": "aws_launch_configuration",
      "name": "frog-ecs-launchconfig",
      "provider": "provider[\"registry.terraform.io/hashicorp/aws\"]",
      "instances": [
        {
          "schema_version": 0,
          "attributes": {
            "arn": "arn:aws:autoscaling:us-east-1:190009833917:launchConfiguration:51b83e29-aa14-413a-a2a9-597d3ff5768c:launchConfigurationName/frog-ecs-launchconfig20231201122131454600000001",
            "associate_public_ip_address": false,
            "ebs_block_device": [],
            "ebs_optimized": false,
            "enable_monitoring": true,
            "ephemeral_block_device": [],
            "iam_instance_profile": "frog-ecs-ec2-role",
            "id": "frog-ecs-launchconfig20231201122131454600000001",
            "image_id": "ami-04c97e62cb19d53f1",
            "instance_type": "t4g.micro",
            "key_name": "mykeypair",
            "metadata_options": [],
            "name": "frog-ecs-launchconfig20231201122131454600000001",
            "name_prefix": "frog-ecs-launchconfig",
            "placement_tenancy": "",
            "root_block_device": [],
            "security_groups": [
              "sg-0521165b36e0e9a90"
            ],
            "spot_price": "",
            "user_data": "0866e8770f371fc1ebfe3fc776f2e0bb172ba4ba",
            "user_data_base64": null
          },
          "sensitive_attributes": [],
          "private": "bnVsbA==",
          "dependencies": [
            "aws_iam_instance_profile.frog-ecs-ec2-role",
            "aws_iam_role.frog-ecs-ec2-role",
            "aws_key_pair.mykeypair",
            "aws_security_group.frog-ecs-securitygroup",
            "aws_security_group.frog-elb-securitygroup",
            "aws_vpc.frog"
          ],
          "create_before_destroy": true
        }
      ]
    },
    {
      "mode": "managed",
      "type": "aws_network_interface",
      "name": "frog_network_interface",
      "provider": "provider[\"registry.terraform.io/hashicorp/aws\"]",
      "instances": [
        {
          "schema_version": 0,
          "attributes": {
            "arn": "arn:aws:ec2:us-east-1:190009833917:network-interface/eni-049186f48ddec54b9",
            "attachment": [],
            "description": "",
            "id": "eni-049186f48ddec54b9",
            "interface_type": "interface",
            "ipv4_prefix_count": 0,
            "ipv4_prefixes": [],
            "ipv6_address_count": 0,
            "ipv6_address_list": [],
            "ipv6_address_list_enabled": false,
            "ipv6_addresses": [],
            "ipv6_prefix_count": 0,
            "ipv6_prefixes": [],
            "mac_address": "0a:37:4b:37:ae:97",
            "outpost_arn": "",
            "owner_id": "190009833917",
            "private_dns_name": "ip-10-15-21-220.ec2.internal",
            "private_ip": "10.15.21.220",
            "private_ip_list": [
              "10.15.21.220"
            ],
            "private_ip_list_enabled": false,
            "private_ips": [
              "10.15.21.220"
            ],
            "private_ips_count": 0,
            "security_groups": [
              "sg-0ee9e03f8fc79937f"
            ],
            "source_dest_check": true,
            "subnet_id": "subnet-0f059e168b0442e2c",
            "tags": {
              "Name": "primary_network_interface"
            },
            "tags_all": {
              "Name": "primary_network_interface"
            }
          },
          "sensitive_attributes": [],
          "private": "bnVsbA==",
          "dependencies": [
            "aws_subnet.frog-public-1"
          ]
        }
      ]
    },
    {
      "mode": "managed",
      "type": "aws_route",
      "name": "nat_route_private_1",
      "provider": "provider[\"registry.terraform.io/hashicorp/aws\"]",
      "instances": [
        {
          "schema_version": 0,
          "attributes": {
            "carrier_gateway_id": "",
            "core_network_arn": "",
            "destination_cidr_block": "0.0.0.0/0",
            "destination_ipv6_cidr_block": "",
            "destination_prefix_list_id": "",
            "egress_only_gateway_id": "",
            "gateway_id": "",
            "id": "r-rtb-0768904b6df0466481080289494",
            "instance_id": "i-04e6fba8cf34fc9cc",
            "instance_owner_id": "190009833917",
            "local_gateway_id": "",
            "nat_gateway_id": "",
            "network_interface_id": "eni-04da9fed61ba03345",
            "origin": "CreateRoute",
            "route_table_id": "rtb-0768904b6df046648",
            "state": "active",
            "timeouts": null,
            "transit_gateway_id": "",
            "vpc_endpoint_id": "",
            "vpc_peering_connection_id": ""
          },
          "sensitive_attributes": [],
          "private": "eyJlMmJmYjczMC1lY2FhLTExZTYtOGY4OC0zNDM2M2JjN2M0YzAiOnsiY3JlYXRlIjozMDAwMDAwMDAwMDAsImRlbGV0ZSI6MzAwMDAwMDAwMDAwLCJ1cGRhdGUiOjEyMDAwMDAwMDAwMH19",
          "dependencies": [
            "aws_instance.nat_instance",
            "aws_key_pair.mykeypair",
            "aws_network_interface.frog_network_interface",
            "aws_route_table.frog-private",
            "aws_security_group.nat_sg",
            "aws_subnet.frog-public-1",
            "aws_vpc.frog"
          ]
        }
      ]
    },
    {
      "mode": "managed",
      "type": "aws_route_table",
      "name": "frog-private",
      "provider": "provider[\"registry.terraform.io/hashicorp/aws\"]",
      "instances": [
        {
          "schema_version": 0,
          "attributes": {
            "arn": "arn:aws:ec2:us-east-1:190009833917:route-table/rtb-0768904b6df046648",
            "id": "rtb-0768904b6df046648",
            "owner_id": "190009833917",
            "propagating_vgws": [],
            "route": [
              {
                "carrier_gateway_id": "",
                "cidr_block": "0.0.0.0/0",
                "core_network_arn": "",
                "destination_prefix_list_id": "",
                "egress_only_gateway_id": "",
                "gateway_id": "",
                "ipv6_cidr_block": "",
                "local_gateway_id": "",
                "nat_gateway_id": "",
                "network_interface_id": "eni-04da9fed61ba03345",
                "transit_gateway_id": "",
                "vpc_endpoint_id": "",
                "vpc_peering_connection_id": ""
              }
            ],
            "tags": {
              "Name": "frog-private"
            },
            "tags_all": {
              "Name": "frog-private"
            },
            "timeouts": null,
            "vpc_id": "vpc-0db099d2db834c70d"
          },
          "sensitive_attributes": [],
          "private": "eyJlMmJmYjczMC1lY2FhLTExZTYtOGY4OC0zNDM2M2JjN2M0YzAiOnsiY3JlYXRlIjozMDAwMDAwMDAwMDAsImRlbGV0ZSI6MzAwMDAwMDAwMDAwLCJ1cGRhdGUiOjEyMDAwMDAwMDAwMH19",
          "dependencies": [
            "aws_vpc.frog"
          ]
        }
      ]
    },
    {
      "mode": "managed",
      "type": "aws_route_table",
      "name": "frog-public",
      "provider": "provider[\"registry.terraform.io/hashicorp/aws\"]",
      "instances": [
        {
          "schema_version": 0,
          "attributes": {
            "arn": "arn:aws:ec2:us-east-1:190009833917:route-table/rtb-040cb337946eb5e1f",
            "id": "rtb-040cb337946eb5e1f",
            "owner_id": "190009833917",
            "propagating_vgws": [],
            "route": [
              {
                "carrier_gateway_id": "",
                "cidr_block": "0.0.0.0/0",
                "core_network_arn": "",
                "destination_prefix_list_id": "",
                "egress_only_gateway_id": "",
                "gateway_id": "igw-074a82fb9dcfcc7eb",
                "ipv6_cidr_block": "",
                "local_gateway_id": "",
                "nat_gateway_id": "",
                "network_interface_id": "",
                "transit_gateway_id": "",
                "vpc_endpoint_id": "",
                "vpc_peering_connection_id": ""
              }
            ],
            "tags": {
              "Name": "frog-public-1"
            },
            "tags_all": {
              "Name": "frog-public-1"
            },
            "timeouts": null,
            "vpc_id": "vpc-0db099d2db834c70d"
          },
          "sensitive_attributes": [],
          "private": "eyJlMmJmYjczMC1lY2FhLTExZTYtOGY4OC0zNDM2M2JjN2M0YzAiOnsiY3JlYXRlIjozMDAwMDAwMDAwMDAsImRlbGV0ZSI6MzAwMDAwMDAwMDAwLCJ1cGRhdGUiOjEyMDAwMDAwMDAwMH19",
          "dependencies": [
            "aws_internet_gateway.frog-gw",
            "aws_vpc.frog"
          ]
        }
      ]
    },
    {
      "mode": "managed",
      "type": "aws_route_table_association",
      "name": "frog-private-1-a",
      "provider": "provider[\"registry.terraform.io/hashicorp/aws\"]",
      "instances": [
        {
          "schema_version": 0,
          "attributes": {
            "gateway_id": "",
            "id": "rtbassoc-0a1afad979a414cbe",
            "route_table_id": "rtb-0768904b6df046648",
            "subnet_id": "subnet-04da8e256fd311297",
            "timeouts": null
          },
          "sensitive_attributes": [],
          "private": "eyJlMmJmYjczMC1lY2FhLTExZTYtOGY4OC0zNDM2M2JjN2M0YzAiOnsiY3JlYXRlIjozMDAwMDAwMDAwMDAsImRlbGV0ZSI6MzAwMDAwMDAwMDAwLCJ1cGRhdGUiOjEyMDAwMDAwMDAwMH19",
          "dependencies": [
            "aws_route_table.frog-private",
            "aws_subnet.frog-private-1",
            "aws_vpc.frog"
          ]
        }
      ]
    },
    {
      "mode": "managed",
      "type": "aws_route_table_association",
      "name": "frog-private-2-a",
      "provider": "provider[\"registry.terraform.io/hashicorp/aws\"]",
      "instances": [
        {
          "schema_version": 0,
          "attributes": {
            "gateway_id": "",
            "id": "rtbassoc-05bad3d20267d8c66",
            "route_table_id": "rtb-0768904b6df046648",
            "subnet_id": "subnet-0545d8149af491966",
            "timeouts": null
          },
          "sensitive_attributes": [],
          "private": "eyJlMmJmYjczMC1lY2FhLTExZTYtOGY4OC0zNDM2M2JjN2M0YzAiOnsiY3JlYXRlIjozMDAwMDAwMDAwMDAsImRlbGV0ZSI6MzAwMDAwMDAwMDAwLCJ1cGRhdGUiOjEyMDAwMDAwMDAwMH19",
          "dependencies": [
            "aws_route_table.frog-private",
            "aws_subnet.frog-private-2",
            "aws_vpc.frog"
          ]
        }
      ]
    },
    {
      "mode": "managed",
      "type": "aws_route_table_association",
      "name": "frog-public-1-a",
      "provider": "provider[\"registry.terraform.io/hashicorp/aws\"]",
      "instances": [
        {
          "schema_version": 0,
          "attributes": {
            "gateway_id": "",
            "id": "rtbassoc-0520c1d2e95868a31",
            "route_table_id": "rtb-040cb337946eb5e1f",
            "subnet_id": "subnet-0f059e168b0442e2c",
            "timeouts": null
          },
          "sensitive_attributes": [],
          "private": "eyJlMmJmYjczMC1lY2FhLTExZTYtOGY4OC0zNDM2M2JjN2M0YzAiOnsiY3JlYXRlIjozMDAwMDAwMDAwMDAsImRlbGV0ZSI6MzAwMDAwMDAwMDAwLCJ1cGRhdGUiOjEyMDAwMDAwMDAwMH19",
          "dependencies": [
            "aws_internet_gateway.frog-gw",
            "aws_route_table.frog-public",
            "aws_subnet.frog-public-1",
            "aws_vpc.frog"
          ]
        }
      ]
    },
    {
      "mode": "managed",
      "type": "aws_route_table_association",
      "name": "frog-public-2-a",
      "provider": "provider[\"registry.terraform.io/hashicorp/aws\"]",
      "instances": [
        {
          "schema_version": 0,
          "attributes": {
            "gateway_id": "",
            "id": "rtbassoc-04693db296ab02755",
            "route_table_id": "rtb-040cb337946eb5e1f",
            "subnet_id": "subnet-0fa7a7ad31c2c0ed6",
            "timeouts": null
          },
          "sensitive_attributes": [],
          "private": "eyJlMmJmYjczMC1lY2FhLTExZTYtOGY4OC0zNDM2M2JjN2M0YzAiOnsiY3JlYXRlIjozMDAwMDAwMDAwMDAsImRlbGV0ZSI6MzAwMDAwMDAwMDAwLCJ1cGRhdGUiOjEyMDAwMDAwMDAwMH19",
          "dependencies": [
            "aws_internet_gateway.frog-gw",
            "aws_route_table.frog-public",
            "aws_subnet.frog-public-2",
            "aws_vpc.frog"
          ]
        }
      ]
    },
    {
      "mode": "managed",
      "type": "aws_security_group",
      "name": "frog-ecs-securitygroup",
      "provider": "provider[\"registry.terraform.io/hashicorp/aws\"]",
      "instances": [
        {
          "schema_version": 1,
          "attributes": {
            "arn": "arn:aws:ec2:us-east-1:190009833917:security-group/sg-0521165b36e0e9a90",
            "description": "frog project security group for ecs",
            "egress": [
              {
                "cidr_blocks": [
                  "0.0.0.0/0"
                ],
                "description": "",
                "from_port": 0,
                "ipv6_cidr_blocks": [],
                "prefix_list_ids": [],
                "protocol": "-1",
                "security_groups": [],
                "self": false,
                "to_port": 0
              }
            ],
            "id": "sg-0521165b36e0e9a90",
            "ingress": [
              {
                "cidr_blocks": [
                  "0.0.0.0/0"
                ],
                "description": "",
                "from_port": 22,
                "ipv6_cidr_blocks": [],
                "prefix_list_ids": [],
                "protocol": "tcp",
                "security_groups": [],
                "self": false,
                "to_port": 22
              },
              {
                "cidr_blocks": [],
                "description": "",
                "from_port": 3000,
                "ipv6_cidr_blocks": [],
                "prefix_list_ids": [],
                "protocol": "tcp",
                "security_groups": [
                  "sg-03b54df7a6e8b48b4"
                ],
                "self": false,
                "to_port": 3000
              }
            ],
            "name": "ecs",
            "name_prefix": "",
            "owner_id": "190009833917",
            "revoke_rules_on_delete": false,
            "tags": {
              "Name": "frog-ecs"
            },
            "tags_all": {
              "Name": "frog-ecs"
            },
            "timeouts": null,
            "vpc_id": "vpc-0db099d2db834c70d"
          },
          "sensitive_attributes": [],
          "private": "eyJlMmJmYjczMC1lY2FhLTExZTYtOGY4OC0zNDM2M2JjN2M0YzAiOnsiY3JlYXRlIjo2MDAwMDAwMDAwMDAsImRlbGV0ZSI6OTAwMDAwMDAwMDAwfSwic2NoZW1hX3ZlcnNpb24iOiIxIn0=",
          "dependencies": [
            "aws_security_group.frog-elb-securitygroup",
            "aws_vpc.frog"
          ],
          "create_before_destroy": true
        }
      ]
    },
    {
      "mode": "managed",
      "type": "aws_security_group",
      "name": "frog-elb-securitygroup",
      "provider": "provider[\"registry.terraform.io/hashicorp/aws\"]",
      "instances": [
        {
          "schema_version": 1,
          "attributes": {
            "arn": "arn:aws:ec2:us-east-1:190009833917:security-group/sg-03b54df7a6e8b48b4",
            "description": "frog security group for ecs",
            "egress": [
              {
                "cidr_blocks": [
                  "0.0.0.0/0"
                ],
                "description": "",
                "from_port": 0,
                "ipv6_cidr_blocks": [],
                "prefix_list_ids": [],
                "protocol": "-1",
                "security_groups": [],
                "self": false,
                "to_port": 0
              }
            ],
            "id": "sg-03b54df7a6e8b48b4",
            "ingress": [
              {
                "cidr_blocks": [
                  "0.0.0.0/0"
                ],
                "description": "",
                "from_port": 80,
                "ipv6_cidr_blocks": [],
                "prefix_list_ids": [],
                "protocol": "tcp",
                "security_groups": [],
                "self": false,
                "to_port": 80
              }
            ],
            "name": "frog-elb",
            "name_prefix": "",
            "owner_id": "190009833917",
            "revoke_rules_on_delete": false,
            "tags": {
              "Name": "frog-elb"
            },
            "tags_all": {
              "Name": "frog-elb"
            },
            "timeouts": null,
            "vpc_id": "vpc-0db099d2db834c70d"
          },
          "sensitive_attributes": [],
          "private": "eyJlMmJmYjczMC1lY2FhLTExZTYtOGY4OC0zNDM2M2JjN2M0YzAiOnsiY3JlYXRlIjo2MDAwMDAwMDAwMDAsImRlbGV0ZSI6OTAwMDAwMDAwMDAwfSwic2NoZW1hX3ZlcnNpb24iOiIxIn0=",
          "dependencies": [
            "aws_vpc.frog"
          ],
          "create_before_destroy": true
        }
      ]
    },
    {
      "mode": "managed",
      "type": "aws_security_group",
      "name": "nat_sg",
      "provider": "provider[\"registry.terraform.io/hashicorp/aws\"]",
      "instances": [
        {
          "schema_version": 1,
          "attributes": {
            "arn": "arn:aws:ec2:us-east-1:190009833917:security-group/sg-0241fce3dbfa17cfa",
            "description": "NAT instance security group",
            "egress": [
              {
                "cidr_blocks": [
                  "0.0.0.0/0"
                ],
                "description": "",
                "from_port": 0,
                "ipv6_cidr_blocks": [],
                "prefix_list_ids": [],
                "protocol": "-1",
                "security_groups": [],
                "self": false,
                "to_port": 0
              }
            ],
            "id": "sg-0241fce3dbfa17cfa",
            "ingress": [
              {
                "cidr_blocks": [
                  "0.0.0.0/0"
                ],
                "description": "",
                "from_port": 0,
                "ipv6_cidr_blocks": [],
                "prefix_list_ids": [],
                "protocol": "-1",
                "security_groups": [],
                "self": false,
                "to_port": 0
              }
            ],
            "name": "nat_security_group",
            "name_prefix": "",
            "owner_id": "190009833917",
            "revoke_rules_on_delete": false,
            "tags": {
              "Name": "frog-nat-instance-sg"
            },
            "tags_all": {
              "Name": "frog-nat-instance-sg"
            },
            "timeouts": null,
            "vpc_id": "vpc-0db099d2db834c70d"
          },
          "sensitive_attributes": [],
          "private": "eyJlMmJmYjczMC1lY2FhLTExZTYtOGY4OC0zNDM2M2JjN2M0YzAiOnsiY3JlYXRlIjo2MDAwMDAwMDAwMDAsImRlbGV0ZSI6OTAwMDAwMDAwMDAwfSwic2NoZW1hX3ZlcnNpb24iOiIxIn0=",
          "dependencies": [
            "aws_vpc.frog"
          ]
        }
      ]
    },
    {
      "mode": "managed",
      "type": "aws_subnet",
      "name": "frog-private-1",
      "provider": "provider[\"registry.terraform.io/hashicorp/aws\"]",
      "instances": [
        {
          "schema_version": 1,
          "attributes": {
            "arn": "arn:aws:ec2:us-east-1:190009833917:subnet/subnet-04da8e256fd311297",
            "assign_ipv6_address_on_creation": false,
            "availability_zone": "us-east-1a",
            "availability_zone_id": "use1-az4",
            "cidr_block": "10.15.64.0/18",
            "customer_owned_ipv4_pool": "",
            "enable_dns64": false,
            "enable_lni_at_device_index": 0,
            "enable_resource_name_dns_a_record_on_launch": false,
            "enable_resource_name_dns_aaaa_record_on_launch": false,
            "id": "subnet-04da8e256fd311297",
            "ipv6_cidr_block": "",
            "ipv6_cidr_block_association_id": "",
            "ipv6_native": false,
            "map_customer_owned_ip_on_launch": false,
            "map_public_ip_on_launch": false,
            "outpost_arn": "",
            "owner_id": "190009833917",
            "private_dns_hostname_type_on_launch": "ip-name",
            "tags": {
              "Name": "frog-private-1"
            },
            "tags_all": {
              "Name": "frog-private-1"
            },
            "timeouts": null,
            "vpc_id": "vpc-0db099d2db834c70d"
          },
          "sensitive_attributes": [],
          "private": "eyJlMmJmYjczMC1lY2FhLTExZTYtOGY4OC0zNDM2M2JjN2M0YzAiOnsiY3JlYXRlIjo2MDAwMDAwMDAwMDAsImRlbGV0ZSI6MTIwMDAwMDAwMDAwMH0sInNjaGVtYV92ZXJzaW9uIjoiMSJ9",
          "dependencies": [
            "aws_vpc.frog"
          ]
        }
      ]
    },
    {
      "mode": "managed",
      "type": "aws_subnet",
      "name": "frog-private-2",
      "provider": "provider[\"registry.terraform.io/hashicorp/aws\"]",
      "instances": [
        {
          "schema_version": 1,
          "attributes": {
            "arn": "arn:aws:ec2:us-east-1:190009833917:subnet/subnet-0545d8149af491966",
            "assign_ipv6_address_on_creation": false,
            "availability_zone": "us-east-1b",
            "availability_zone_id": "use1-az6",
            "cidr_block": "10.15.128.0/18",
            "customer_owned_ipv4_pool": "",
            "enable_dns64": false,
            "enable_lni_at_device_index": 0,
            "enable_resource_name_dns_a_record_on_launch": false,
            "enable_resource_name_dns_aaaa_record_on_launch": false,
            "id": "subnet-0545d8149af491966",
            "ipv6_cidr_block": "",
            "ipv6_cidr_block_association_id": "",
            "ipv6_native": false,
            "map_customer_owned_ip_on_launch": false,
            "map_public_ip_on_launch": false,
            "outpost_arn": "",
            "owner_id": "190009833917",
            "private_dns_hostname_type_on_launch": "ip-name",
            "tags": {
              "Name": "frog-private-2"
            },
            "tags_all": {
              "Name": "frog-private-2"
            },
            "timeouts": null,
            "vpc_id": "vpc-0db099d2db834c70d"
          },
          "sensitive_attributes": [],
          "private": "eyJlMmJmYjczMC1lY2FhLTExZTYtOGY4OC0zNDM2M2JjN2M0YzAiOnsiY3JlYXRlIjo2MDAwMDAwMDAwMDAsImRlbGV0ZSI6MTIwMDAwMDAwMDAwMH0sInNjaGVtYV92ZXJzaW9uIjoiMSJ9",
          "dependencies": [
            "aws_vpc.frog"
          ]
        }
      ]
    },
    {
      "mode": "managed",
      "type": "aws_subnet",
      "name": "frog-public-1",
      "provider": "provider[\"registry.terraform.io/hashicorp/aws\"]",
      "instances": [
        {
          "schema_version": 1,
          "attributes": {
            "arn": "arn:aws:ec2:us-east-1:190009833917:subnet/subnet-0f059e168b0442e2c",
            "assign_ipv6_address_on_creation": false,
            "availability_zone": "us-east-1a",
            "availability_zone_id": "use1-az4",
            "cidr_block": "10.15.0.0/19",
            "customer_owned_ipv4_pool": "",
            "enable_dns64": false,
            "enable_lni_at_device_index": 0,
            "enable_resource_name_dns_a_record_on_launch": false,
            "enable_resource_name_dns_aaaa_record_on_launch": false,
            "id": "subnet-0f059e168b0442e2c",
            "ipv6_cidr_block": "",
            "ipv6_cidr_block_association_id": "",
            "ipv6_native": false,
            "map_customer_owned_ip_on_launch": false,
            "map_public_ip_on_launch": true,
            "outpost_arn": "",
            "owner_id": "190009833917",
            "private_dns_hostname_type_on_launch": "ip-name",
            "tags": {
              "Name": "frog-public-1"
            },
            "tags_all": {
              "Name": "frog-public-1"
            },
            "timeouts": null,
            "vpc_id": "vpc-0db099d2db834c70d"
          },
          "sensitive_attributes": [],
          "private": "eyJlMmJmYjczMC1lY2FhLTExZTYtOGY4OC0zNDM2M2JjN2M0YzAiOnsiY3JlYXRlIjo2MDAwMDAwMDAwMDAsImRlbGV0ZSI6MTIwMDAwMDAwMDAwMH0sInNjaGVtYV92ZXJzaW9uIjoiMSJ9",
          "dependencies": [
            "aws_vpc.frog"
          ]
        }
      ]
    },
    {
      "mode": "managed",
      "type": "aws_subnet",
      "name": "frog-public-2",
      "provider": "provider[\"registry.terraform.io/hashicorp/aws\"]",
      "instances": [
        {
          "schema_version": 1,
          "attributes": {
            "arn": "arn:aws:ec2:us-east-1:190009833917:subnet/subnet-0fa7a7ad31c2c0ed6",
            "assign_ipv6_address_on_creation": false,
            "availability_zone": "us-east-1b",
            "availability_zone_id": "use1-az6",
            "cidr_block": "10.15.32.0/19",
            "customer_owned_ipv4_pool": "",
            "enable_dns64": false,
            "enable_lni_at_device_index": 0,
            "enable_resource_name_dns_a_record_on_launch": false,
            "enable_resource_name_dns_aaaa_record_on_launch": false,
            "id": "subnet-0fa7a7ad31c2c0ed6",
            "ipv6_cidr_block": "",
            "ipv6_cidr_block_association_id": "",
            "ipv6_native": false,
            "map_customer_owned_ip_on_launch": false,
            "map_public_ip_on_launch": true,
            "outpost_arn": "",
            "owner_id": "190009833917",
            "private_dns_hostname_type_on_launch": "ip-name",
            "tags": {
              "Name": "frog-public-2"
            },
            "tags_all": {
              "Name": "frog-public-2"
            },
            "timeouts": null,
            "vpc_id": "vpc-0db099d2db834c70d"
          },
          "sensitive_attributes": [],
          "private": "eyJlMmJmYjczMC1lY2FhLTExZTYtOGY4OC0zNDM2M2JjN2M0YzAiOnsiY3JlYXRlIjo2MDAwMDAwMDAwMDAsImRlbGV0ZSI6MTIwMDAwMDAwMDAwMH0sInNjaGVtYV92ZXJzaW9uIjoiMSJ9",
          "dependencies": [
            "aws_vpc.frog"
          ]
        }
      ]
    },
    {
      "mode": "managed",
      "type": "aws_vpc",
      "name": "frog",
      "provider": "provider[\"registry.terraform.io/hashicorp/aws\"]",
      "instances": [
        {
          "schema_version": 1,
          "attributes": {
            "arn": "arn:aws:ec2:us-east-1:190009833917:vpc/vpc-0db099d2db834c70d",
            "assign_generated_ipv6_cidr_block": false,
            "cidr_block": "10.15.0.0/16",
            "default_network_acl_id": "acl-0f51d41f62d32a2b8",
            "default_route_table_id": "rtb-051b5458efc786b71",
            "default_security_group_id": "sg-0ee9e03f8fc79937f",
            "dhcp_options_id": "dopt-d2dea5a9",
            "enable_dns_hostnames": true,
            "enable_dns_support": true,
            "enable_network_address_usage_metrics": false,
            "id": "vpc-0db099d2db834c70d",
            "instance_tenancy": "default",
            "ipv4_ipam_pool_id": null,
            "ipv4_netmask_length": null,
            "ipv6_association_id": "",
            "ipv6_cidr_block": "",
            "ipv6_cidr_block_network_border_group": "",
            "ipv6_ipam_pool_id": "",
            "ipv6_netmask_length": 0,
            "main_route_table_id": "rtb-051b5458efc786b71",
            "owner_id": "190009833917",
            "tags": {
              "Name": "frog"
            },
            "tags_all": {
              "Name": "frog"
            }
          },
          "sensitive_attributes": [],
          "private": "eyJzY2hlbWFfdmVyc2lvbiI6IjEifQ==",
          "create_before_destroy": true
        }
      ]
    }
  ],
  "check_results": null
}
